
Microsoft Visual Studio Solution File, Format Version 12.00
# Visual Studio Version 17
VisualStudioVersion = 17.3.32819.101
MinimumVisualStudioVersion = 10.0.40219.1
Project("{FAE04EC0-301F-11D3-BF4B-00C04F79EFBC}") = "Lab_06_JSON_Serialization_Deserialization", "Lab_06_JSON_Serialization_Deserialization.csproj", "{B81B4522-369C-4F9C-8D61-12865C79D47C}"
EndProject
Global
	GlobalSection(SolutionConfigurationPlatforms) = preSolution
		Debug|Any CPU = Debug|Any CPU
		Release|Any CPU = Release|Any CPU
	EndGlobalSection
	GlobalSection(ProjectConfigurationPlatforms) = postSolution
		{B81B4522-369C-4F9C-8D61-12865C79D47C}.Debug|Any CPU.ActiveCfg = Debug|Any CPU
		{B81B4522-369C-4F9C-8D61-12865C79D47C}.Debug|Any CPU.Build.0 = Debug|Any CPU
		{B81B4522-369C-4F9C-8D61-12865C79D47C}.Release|Any CPU.ActiveCfg = Release|Any CPU
		{B81B4522-369C-4F9C-8D61-12865C79D47C}.Release|Any CPU.Build.0 = Release|Any CPU
	EndGlobalSection
	GlobalSection(SolutionProperties) = preSolution
		HideSolutionNode = FALSE
	EndGlobalSection
	GlobalSection(ExtensibilityGlobals) = postSolution
		SolutionGuid = {88BBC352-E3EA-493A-B523-3AE5DA862A65}
	EndGlobalSection
EndGlobal
